
Microsoft Visual Studio Solution File, Format Version 12.00
# Visual Studio Version 17
VisualStudioVersion = 17.11.35219.272
MinimumVisualStudioVersion = 10.0.40219.1
Project("{FAE04EC0-301F-11D3-BF4B-00C04F79EFBC}") = "2.1Dars", "2.1Dars.csproj", "{60088DDE-A626-46B7-B3C8-4DDD818F69D1}"
EndProject
Global
	GlobalSection(SolutionConfigurationPlatforms) = preSolution
		Debug|Any CPU = Debug|Any CPU
		Release|Any CPU = Release|Any CPU
	EndGlobalSection
	GlobalSection(ProjectConfigurationPlatforms) = postSolution
		{60088DDE-A626-46B7-B3C8-4DDD818F69D1}.Debug|Any CPU.ActiveCfg = Debug|Any CPU
		{60088DDE-A626-46B7-B3C8-4DDD818F69D1}.Debug|Any CPU.Build.0 = Debug|Any CPU
		{60088DDE-A626-46B7-B3C8-4DDD818F69D1}.Release|Any CPU.ActiveCfg = Release|Any CPU
		{60088DDE-A626-46B7-B3C8-4DDD818F69D1}.Release|Any CPU.Build.0 = Release|Any CPU
	EndGlobalSection
	GlobalSection(SolutionProperties) = preSolution
		HideSolutionNode = FALSE
	EndGlobalSection
	GlobalSection(ExtensibilityGlobals) = postSolution
		SolutionGuid = {D4FA8F6D-92B2-487C-AB83-B5415D516180}
	EndGlobalSection
EndGlobal
